// !$*UTF8*$!
{
	archiveVersion = 1;
	classes = {
	};
	objectVersion = 56;
	objects = {

/* Begin PBXBuildFile section */
		3B3C90FA2ACBFB8B0058BDDD /* FocusTimerAttributes.swift in Sources */ = {isa = PBXBuildFile; fileRef = 3B3C90F92ACBFB8B0058BDDD /* FocusTimerAttributes.swift */; };
		3B3C90FB2ACBFB8B0058BDDD /* FocusTimerAttributes.swift in Sources */ = {isa = PBXBuildFile; fileRef = 3B3C90F92ACBFB8B0058BDDD /* FocusTimerAttributes.swift */; };
		3B3C90FD2ACBFDE40058BDDD /* FocusTimerEntryView.swift in Sources */ = {isa = PBXBuildFile; fileRef = 3B3C90FC2ACBFDE40058BDDD /* FocusTimerEntryView.swift */; };
		3B3C90FF2ACC027B0058BDDD /* FocusTimerLiveWidget.swift in Sources */ = {isa = PBXBuildFile; fileRef = 3B3C90FE2ACC027B0058BDDD /* FocusTimerLiveWidget.swift */; };
		3B3C91012ACC06EA0058BDDD /* FocusTimerAppView.swift in Sources */ = {isa = PBXBuildFile; fileRef = 3B3C91002ACC06EA0058BDDD /* FocusTimerAppView.swift */; };
		3B4B52472AC40D59003388AD /* MasteringWidgetKitApp.swift in Sources */ = {isa = PBXBuildFile; fileRef = 3B4B52462AC40D59003388AD /* MasteringWidgetKitApp.swift */; };
		3B4B524B2AC40D5A003388AD /* Assets.xcassets in Resources */ = {isa = PBXBuildFile; fileRef = 3B4B524A2AC40D5A003388AD /* Assets.xcassets */; };
		3B4B524E2AC40D5A003388AD /* Preview Assets.xcassets in Resources */ = {isa = PBXBuildFile; fileRef = 3B4B524D2AC40D5A003388AD /* Preview Assets.xcassets */; };
		3B4B525B2AC40DC7003388AD /* WidgetKit.framework in Frameworks */ = {isa = PBXBuildFile; fileRef = 3B4B525A2AC40DC7003388AD /* WidgetKit.framework */; };
		3B4B525D2AC40DC7003388AD /* SwiftUI.framework in Frameworks */ = {isa = PBXBuildFile; fileRef = 3B4B525C2AC40DC7003388AD /* SwiftUI.framework */; };
		3B4B52602AC40DC7003388AD /* WidgetKitExtensionBundle.swift in Sources */ = {isa = PBXBuildFile; fileRef = 3B4B525F2AC40DC7003388AD /* WidgetKitExtensionBundle.swift */; };
		3B4B52622AC40DC7003388AD /* WidgetKitExtension.swift in Sources */ = {isa = PBXBuildFile; fileRef = 3B4B52612AC40DC7003388AD /* WidgetKitExtension.swift */; };
		3B4B52642AC40DC8003388AD /* Assets.xcassets in Resources */ = {isa = PBXBuildFile; fileRef = 3B4B52632AC40DC8003388AD /* Assets.xcassets */; };
		3B4B52682AC40DC8003388AD /* WidgetKitExtensionExtension.appex in Embed Foundation Extensions */ = {isa = PBXBuildFile; fileRef = 3B4B52582AC40DC7003388AD /* WidgetKitExtensionExtension.appex */; settings = {ATTRIBUTES = (RemoveHeadersOnCopy, ); }; };
/* End PBXBuildFile section */

/* Begin PBXContainerItemProxy section */
		3B4B52662AC40DC8003388AD /* PBXContainerItemProxy */ = {
			isa = PBXContainerItemProxy;
			containerPortal = 3B4B523B2AC40D59003388AD /* Project object */;
			proxyType = 1;
			remoteGlobalIDString = 3B4B52572AC40DC7003388AD;
			remoteInfo = WidgetKitExtensionExtension;
		};
/* End PBXContainerItemProxy section */

/* Begin PBXCopyFilesBuildPhase section */
		3B4B526C2AC40DC8003388AD /* Embed Foundation Extensions */ = {
			isa = PBXCopyFilesBuildPhase;
			buildActionMask = 2147483647;
			dstPath = "";
			dstSubfolderSpec = 13;
			files = (
				3B4B52682AC40DC8003388AD /* WidgetKitExtensionExtension.appex in Embed Foundation Extensions */,
			);
			name = "Embed Foundation Extensions";
			runOnlyForDeploymentPostprocessing = 0;
		};
/* End PBXCopyFilesBuildPhase section */

/* Begin PBXFileReference section */
		3B3C90732AC5794B0058BDDD /* Info.plist */ = {isa = PBXFileReference; lastKnownFileType = text.plist; path = Info.plist; sourceTree = "<group>"; };
		3B3C90BD2AC9C5780058BDDD /* Intents.framework */ = {isa = PBXFileReference; lastKnownFileType = wrapper.framework; name = Intents.framework; path = System/Library/Frameworks/Intents.framework; sourceTree = SDKROOT; };
		3B3C90F92ACBFB8B0058BDDD /* FocusTimerAttributes.swift */ = {isa = PBXFileReference; lastKnownFileType = sourcecode.swift; path = FocusTimerAttributes.swift; sourceTree = "<group>"; };
		3B3C90FC2ACBFDE40058BDDD /* FocusTimerEntryView.swift */ = {isa = PBXFileReference; lastKnownFileType = sourcecode.swift; path = FocusTimerEntryView.swift; sourceTree = "<group>"; };
		3B3C90FE2ACC027B0058BDDD /* FocusTimerLiveWidget.swift */ = {isa = PBXFileReference; lastKnownFileType = sourcecode.swift; path = FocusTimerLiveWidget.swift; sourceTree = "<group>"; };
		3B3C91002ACC06EA0058BDDD /* FocusTimerAppView.swift */ = {isa = PBXFileReference; lastKnownFileType = sourcecode.swift; path = FocusTimerAppView.swift; sourceTree = "<group>"; };
		3B4B52432AC40D59003388AD /* MasteringWidgetKit.app */ = {isa = PBXFileReference; explicitFileType = wrapper.application; includeInIndex = 0; path = MasteringWidgetKit.app; sourceTree = BUILT_PRODUCTS_DIR; };
		3B4B52462AC40D59003388AD /* MasteringWidgetKitApp.swift */ = {isa = PBXFileReference; lastKnownFileType = sourcecode.swift; path = MasteringWidgetKitApp.swift; sourceTree = "<group>"; };
		3B4B524A2AC40D5A003388AD /* Assets.xcassets */ = {isa = PBXFileReference; lastKnownFileType = folder.assetcatalog; path = Assets.xcassets; sourceTree = "<group>"; };
		3B4B524D2AC40D5A003388AD /* Preview Assets.xcassets */ = {isa = PBXFileReference; lastKnownFileType = folder.assetcatalog; path = "Preview Assets.xcassets"; sourceTree = "<group>"; };
		3B4B52582AC40DC7003388AD /* WidgetKitExtensionExtension.appex */ = {isa = PBXFileReference; explicitFileType = "wrapper.app-extension"; includeInIndex = 0; path = WidgetKitExtensionExtension.appex; sourceTree = BUILT_PRODUCTS_DIR; };
		3B4B525A2AC40DC7003388AD /* WidgetKit.framework */ = {isa = PBXFileReference; lastKnownFileType = wrapper.framework; name = WidgetKit.framework; path = System/Library/Frameworks/WidgetKit.framework; sourceTree = SDKROOT; };
		3B4B525C2AC40DC7003388AD /* SwiftUI.framework */ = {isa = PBXFileReference; lastKnownFileType = wrapper.framework; name = SwiftUI.framework; path = System/Library/Frameworks/SwiftUI.framework; sourceTree = SDKROOT; };
		3B4B525F2AC40DC7003388AD /* WidgetKitExtensionBundle.swift */ = {isa = PBXFileReference; lastKnownFileType = sourcecode.swift; path = WidgetKitExtensionBundle.swift; sourceTree = "<group>"; };
		3B4B52612AC40DC7003388AD /* WidgetKitExtension.swift */ = {isa = PBXFileReference; lastKnownFileType = sourcecode.swift; path = WidgetKitExtension.swift; sourceTree = "<group>"; };
		3B4B52632AC40DC8003388AD /* Assets.xcassets */ = {isa = PBXFileReference; lastKnownFileType = folder.assetcatalog; path = Assets.xcassets; sourceTree = "<group>"; };
		3B4B52652AC40DC8003388AD /* Info.plist */ = {isa = PBXFileReference; lastKnownFileType = text.plist.xml; path = Info.plist; sourceTree = "<group>"; };
		3B4B52BC2AC40F17003388AD /* MasteringWidgetKit.entitlements */ = {isa = PBXFileReference; lastKnownFileType = text.plist.entitlements; path = MasteringWidgetKit.entitlements; sourceTree = "<group>"; };
		3B4B52BD2AC40F26003388AD /* WidgetKitExtensionExtension.entitlements */ = {isa = PBXFileReference; lastKnownFileType = text.plist.entitlements; path = WidgetKitExtensionExtension.entitlements; sourceTree = "<group>"; };
/* End PBXFileReference section */

/* Begin PBXFrameworksBuildPhase section */
		3B4B52402AC40D59003388AD /* Frameworks */ = {
			isa = PBXFrameworksBuildPhase;
			buildActionMask = 2147483647;
			files = (
			);
			runOnlyForDeploymentPostprocessing = 0;
		};
		3B4B52552AC40DC7003388AD /* Frameworks */ = {
			isa = PBXFrameworksBuildPhase;
			buildActionMask = 2147483647;
			files = (
				3B4B525D2AC40DC7003388AD /* SwiftUI.framework in Frameworks */,
				3B4B525B2AC40DC7003388AD /* WidgetKit.framework in Frameworks */,
			);
			runOnlyForDeploymentPostprocessing = 0;
		};
/* End PBXFrameworksBuildPhase section */

/* Begin PBXGroup section */
		3B3C90F72ACBFB1D0058BDDD /* FocusTimerApp */ = {
			isa = PBXGroup;
			children = (
				3B3C90F92ACBFB8B0058BDDD /* FocusTimerAttributes.swift */,
				3B3C91002ACC06EA0058BDDD /* FocusTimerAppView.swift */,
			);
			path = FocusTimerApp;
			sourceTree = "<group>";
		};
		3B3C90F82ACBFB390058BDDD /* FocusTimerLiveWidget */ = {
			isa = PBXGroup;
			children = (
				3B3C90FC2ACBFDE40058BDDD /* FocusTimerEntryView.swift */,
				3B3C90FE2ACC027B0058BDDD /* FocusTimerLiveWidget.swift */,
			);
			path = FocusTimerLiveWidget;
			sourceTree = "<group>";
		};
		3B4B523A2AC40D59003388AD = {
			isa = PBXGroup;
			children = (
				3B4B52BD2AC40F26003388AD /* WidgetKitExtensionExtension.entitlements */,
				3B4B52452AC40D59003388AD /* MasteringWidgetKit */,
				3B4B525E2AC40DC7003388AD /* WidgetKitExtension */,
				3B3C90F82ACBFB390058BDDD /* FocusTimerLiveWidget */,
				3B4B52592AC40DC7003388AD /* Frameworks */,
				3B4B52442AC40D59003388AD /* Products */,
			);
			sourceTree = "<group>";
		};
		3B4B52442AC40D59003388AD /* Products */ = {
			isa = PBXGroup;
			children = (
				3B4B52432AC40D59003388AD /* MasteringWidgetKit.app */,
				3B4B52582AC40DC7003388AD /* WidgetKitExtensionExtension.appex */,
			);
			name = Products;
			sourceTree = "<group>";
		};
		3B4B52452AC40D59003388AD /* MasteringWidgetKit */ = {
			isa = PBXGroup;
			children = (
				3B3C90732AC5794B0058BDDD /* Info.plist */,
				3B4B52BC2AC40F17003388AD /* MasteringWidgetKit.entitlements */,
				3B4B52462AC40D59003388AD /* MasteringWidgetKitApp.swift */,
				3B4B524A2AC40D5A003388AD /* Assets.xcassets */,
				3B3C90F72ACBFB1D0058BDDD /* FocusTimerApp */,
				3B4B524C2AC40D5A003388AD /* Preview Content */,
			);
			path = MasteringWidgetKit;
			sourceTree = "<group>";
		};
		3B4B524C2AC40D5A003388AD /* Preview Content */ = {
			isa = PBXGroup;
			children = (
				3B4B524D2AC40D5A003388AD /* Preview Assets.xcassets */,
			);
			path = "Preview Content";
			sourceTree = "<group>";
		};
		3B4B52592AC40DC7003388AD /* Frameworks */ = {
			isa = PBXGroup;
			children = (
				3B4B525A2AC40DC7003388AD /* WidgetKit.framework */,
				3B4B525C2AC40DC7003388AD /* SwiftUI.framework */,
				3B3C90BD2AC9C5780058BDDD /* Intents.framework */,
			);
			name = Frameworks;
			sourceTree = "<group>";
		};
		3B4B525E2AC40DC7003388AD /* WidgetKitExtension */ = {
			isa = PBXGroup;
			children = (
				3B4B525F2AC40DC7003388AD /* WidgetKitExtensionBundle.swift */,
				3B4B52612AC40DC7003388AD /* WidgetKitExtension.swift */,
				3B4B52632AC40DC8003388AD /* Assets.xcassets */,
				3B4B52652AC40DC8003388AD /* Info.plist */,
			);
			path = WidgetKitExtension;
			sourceTree = "<group>";
		};
/* End PBXGroup section */

/* Begin PBXNativeTarget section */
		3B4B52422AC40D59003388AD /* MasteringWidgetKit */ = {
			isa = PBXNativeTarget;
			buildConfigurationList = 3B4B52512AC40D5A003388AD /* Build configuration list for PBXNativeTarget "MasteringWidgetKit" */;
			buildPhases = (
				3B4B523F2AC40D59003388AD /* Sources */,
				3B4B52402AC40D59003388AD /* Frameworks */,
				3B4B52412AC40D59003388AD /* Resources */,
				3B4B526C2AC40DC8003388AD /* Embed Foundation Extensions */,
			);
			buildRules = (
			);
			dependencies = (
				3B4B52672AC40DC8003388AD /* PBXTargetDependency */,
			);
			name = MasteringWidgetKit;
			productName = MasteringWidgetKit;
			productReference = 3B4B52432AC40D59003388AD /* MasteringWidgetKit.app */;
			productType = "com.apple.product-type.application";
		};
		3B4B52572AC40DC7003388AD /* WidgetKitExtensionExtension */ = {
			isa = PBXNativeTarget;
			buildConfigurationList = 3B4B52692AC40DC8003388AD /* Build configuration list for PBXNativeTarget "WidgetKitExtensionExtension" */;
			buildPhases = (
				3B4B52542AC40DC7003388AD /* Sources */,
				3B4B52552AC40DC7003388AD /* Frameworks */,
				3B4B52562AC40DC7003388AD /* Resources */,
			);
			buildRules = (
			);
			dependencies = (
			);
			name = WidgetKitExtensionExtension;
			productName = WidgetKitExtensionExtension;
			productReference = 3B4B52582AC40DC7003388AD /* WidgetKitExtensionExtension.appex */;
			productType = "com.apple.product-type.app-extension";
		};
/* End PBXNativeTarget section */

/* Begin PBXProject section */
		3B4B523B2AC40D59003388AD /* Project object */ = {
			isa = PBXProject;
			attributes = {
				BuildIndependentTargetsInParallel = 1;
				LastSwiftUpdateCheck = 1430;
				LastUpgradeCheck = 1430;
				TargetAttributes = {
					3B4B52422AC40D59003388AD = {
						CreatedOnToolsVersion = 14.3;
					};
					3B4B52572AC40DC7003388AD = {
						CreatedOnToolsVersion = 14.3;
					};
				};
			};
			buildConfigurationList = 3B4B523E2AC40D59003388AD /* Build configuration list for PBXProject "MasteringWidgetKit" */;
			compatibilityVersion = "Xcode 14.0";
			developmentRegion = en;
			hasScannedForEncodings = 0;
			knownRegions = (
				en,
				Base,
			);
			mainGroup = 3B4B523A2AC40D59003388AD;
			productRefGroup = 3B4B52442AC40D59003388AD /* Products */;
			projectDirPath = "";
			projectRoot = "";
			targets = (
				3B4B52422AC40D59003388AD /* MasteringWidgetKit */,
				3B4B52572AC40DC7003388AD /* WidgetKitExtensionExtension */,
			);
		};
/* End PBXProject section */

/* Begin PBXResourcesBuildPhase section */
		3B4B52412AC40D59003388AD /* Resources */ = {
			isa = PBXResourcesBuildPhase;
			buildActionMask = 2147483647;
			files = (
				3B4B524E2AC40D5A003388AD /* Preview Assets.xcassets in Resources */,
				3B4B524B2AC40D5A003388AD /* Assets.xcassets in Resources */,
			);
			runOnlyForDeploymentPostprocessing = 0;
		};
		3B4B52562AC40DC7003388AD /* Resources */ = {
			isa = PBXResourcesBuildPhase;
			buildActionMask = 2147483647;
			files = (
				3B4B52642AC40DC8003388AD /* Assets.xcassets in Resources */,
			);
			runOnlyForDeploymentPostprocessing = 0;
		};
/* End PBXResourcesBuildPhase section */

/* Begin PBXSourcesBuildPhase section */
		3B4B523F2AC40D59003388AD /* Sources */ = {
			isa = PBXSourcesBuildPhase;
			buildActionMask = 2147483647;
			files = (
				3B3C91012ACC06EA0058BDDD /* FocusTimerAppView.swift in Sources */,
				3B4B52472AC40D59003388AD /* MasteringWidgetKitApp.swift in Sources */,
				3B3C90FA2ACBFB8B0058BDDD /* FocusTimerAttributes.swift in Sources */,
			);
			runOnlyForDeploymentPostprocessing = 0;
		};
		3B4B52542AC40DC7003388AD /* Sources */ = {
			isa = PBXSourcesBuildPhase;
			buildActionMask = 2147483647;
			files = (
				3B3C90FD2ACBFDE40058BDDD /* FocusTimerEntryView.swift in Sources */,
				3B4B52622AC40DC7003388AD /* WidgetKitExtension.swift in Sources */,
				3B3C90FB2ACBFB8B0058BDDD /* FocusTimerAttributes.swift in Sources */,
				3B3C90FF2ACC027B0058BDDD /* FocusTimerLiveWidget.swift in Sources */,
				3B4B52602AC40DC7003388AD /* WidgetKitExtensionBundle.swift in Sources */,
			);
			runOnlyForDeploymentPostprocessing = 0;
		};
/* End PBXSourcesBuildPhase section */

/* Begin PBXTargetDependency section */
		3B4B52672AC40DC8003388AD /* PBXTargetDependency */ = {
			isa = PBXTargetDependency;
			target = 3B4B52572AC40DC7003388AD /* WidgetKitExtensionExtension */;
			targetProxy = 3B4B52662AC40DC8003388AD /* PBXContainerItemProxy */;
		};
/* End PBXTargetDependency section */

/* Begin XCBuildConfiguration section */
		3B4B524F2AC40D5A003388AD /* Debug */ = {
			isa = XCBuildConfiguration;
			buildSettings = {
				ALWAYS_SEARCH_USER_PATHS = NO;
				CLANG_ANALYZER_NONNULL = YES;
				CLANG_ANALYZER_NUMBER_OBJECT_CONVERSION = YES_AGGRESSIVE;
				CLANG_CXX_LANGUAGE_STANDARD = "gnu++20";
				CLANG_ENABLE_MODULES = YES;
				CLANG_ENABLE_OBJC_ARC = YES;
				CLANG_ENABLE_OBJC_WEAK = YES;
				CLANG_WARN_BLOCK_CAPTURE_AUTORELEASING = YES;
				CLANG_WARN_BOOL_CONVERSION = YES;
				CLANG_WARN_COMMA = YES;
				CLANG_WARN_CONSTANT_CONVERSION = YES;
				CLANG_WARN_DEPRECATED_OBJC_IMPLEMENTATIONS = YES;
				CLANG_WARN_DIRECT_OBJC_ISA_USAGE = YES_ERROR;
				CLANG_WARN_DOCUMENTATION_COMMENTS = YES;
				CLANG_WARN_EMPTY_BODY = YES;
				CLANG_WARN_ENUM_CONVERSION = YES;
				CLANG_WARN_INFINITE_RECURSION = YES;
				CLANG_WARN_INT_CONVERSION = YES;
				CLANG_WARN_NON_LITERAL_NULL_CONVERSION = YES;
				CLANG_WARN_OBJC_IMPLICIT_RETAIN_SELF = YES;
				CLANG_WARN_OBJC_LITERAL_CONVERSION = YES;
				CLANG_WARN_OBJC_ROOT_CLASS = YES_ERROR;
				CLANG_WARN_QUOTED_INCLUDE_IN_FRAMEWORK_HEADER = YES;
				CLANG_WARN_RANGE_LOOP_ANALYSIS = YES;
				CLANG_WARN_STRICT_PROTOTYPES = YES;
				CLANG_WARN_SUSPICIOUS_MOVE = YES;
				CLANG_WARN_UNGUARDED_AVAILABILITY = YES_AGGRESSIVE;
				CLANG_WARN_UNREACHABLE_CODE = YES;
				CLANG_WARN__DUPLICATE_METHOD_MATCH = YES;
				COPY_PHASE_STRIP = NO;
				DEBUG_INFORMATION_FORMAT = dwarf;
				ENABLE_STRICT_OBJC_MSGSEND = YES;
				ENABLE_TESTABILITY = YES;
				GCC_C_LANGUAGE_STANDARD = gnu11;
				GCC_DYNAMIC_NO_PIC = NO;
				GCC_NO_COMMON_BLOCKS = YES;
				GCC_OPTIMIZATION_LEVEL = 0;
				GCC_PREPROCESSOR_DEFINITIONS = (
					"DEBUG=1",
					"$(inherited)",
				);
				GCC_WARN_64_TO_32_BIT_CONVERSION = YES;
				GCC_WARN_ABOUT_RETURN_TYPE = YES_ERROR;
				GCC_WARN_UNDECLARED_SELECTOR = YES;
				GCC_WARN_UNINITIALIZED_AUTOS = YES_AGGRESSIVE;
				GCC_WARN_UNUSED_FUNCTION = YES;
				GCC_WARN_UNUSED_VARIABLE = YES;
				IPHONEOS_DEPLOYMENT_TARGET = 16.4;
				MTL_ENABLE_DEBUG_INFO = INCLUDE_SOURCE;
				MTL_FAST_MATH = YES;
				ONLY_ACTIVE_ARCH = YES;
				SDKROOT = iphoneos;
				SWIFT_ACTIVE_COMPILATION_CONDITIONS = DEBUG;
				SWIFT_OPTIMIZATION_LEVEL = "-Onone";
			};
			name = Debug;
		};
		3B4B52502AC40D5A003388AD /* Release */ = {
			isa = XCBuildConfiguration;
			buildSettings = {
				ALWAYS_SEARCH_USER_PATHS = NO;
				CLANG_ANALYZER_NONNULL = YES;
				CLANG_ANALYZER_NUMBER_OBJECT_CONVERSION = YES_AGGRESSIVE;
				CLANG_CXX_LANGUAGE_STANDARD = "gnu++20";
				CLANG_ENABLE_MODULES = YES;
				CLANG_ENABLE_OBJC_ARC = YES;
				CLANG_ENABLE_OBJC_WEAK = YES;
				CLANG_WARN_BLOCK_CAPTURE_AUTORELEASING = YES;
				CLANG_WARN_BOOL_CONVERSION = YES;
				CLANG_WARN_COMMA = YES;
				CLANG_WARN_CONSTANT_CONVERSION = YES;
				CLANG_WARN_DEPRECATED_OBJC_IMPLEMENTATIONS = YES;
				CLANG_WARN_DIRECT_OBJC_ISA_USAGE = YES_ERROR;
				CLANG_WARN_DOCUMENTATION_COMMENTS = YES;
				CLANG_WARN_EMPTY_BODY = YES;
				CLANG_WARN_ENUM_CONVERSION = YES;
				CLANG_WARN_INFINITE_RECURSION = YES;
				CLANG_WARN_INT_CONVERSION = YES;
				CLANG_WARN_NON_LITERAL_NULL_CONVERSION = YES;
				CLANG_WARN_OBJC_IMPLICIT_RETAIN_SELF = YES;
				CLANG_WARN_OBJC_LITERAL_CONVERSION = YES;
				CLANG_WARN_OBJC_ROOT_CLASS = YES_ERROR;
				CLANG_WARN_QUOTED_INCLUDE_IN_FRAMEWORK_HEADER = YES;
				CLANG_WARN_RANGE_LOOP_ANALYSIS = YES;
				CLANG_WARN_STRICT_PROTOTYPES = YES;
				CLANG_WARN_SUSPICIOUS_MOVE = YES;
				CLANG_WARN_UNGUARDED_AVAILABILITY = YES_AGGRESSIVE;
				CLANG_WARN_UNREACHABLE_CODE = YES;
				CLANG_WARN__DUPLICATE_METHOD_MATCH = YES;
				COPY_PHASE_STRIP = NO;
				DEBUG_INFORMATION_FORMAT = "dwarf-with-dsym";
				ENABLE_NS_ASSERTIONS = NO;
				ENABLE_STRICT_OBJC_MSGSEND = YES;
				GCC_C_LANGUAGE_STANDARD = gnu11;
				GCC_NO_COMMON_BLOCKS = YES;
				GCC_WARN_64_TO_32_BIT_CONVERSION = YES;
				GCC_WARN_ABOUT_RETURN_TYPE = YES_ERROR;
				GCC_WARN_UNDECLARED_SELECTOR = YES;
				GCC_WARN_UNINITIALIZED_AUTOS = YES_AGGRESSIVE;
				GCC_WARN_UNUSED_FUNCTION = YES;
				GCC_WARN_UNUSED_VARIABLE = YES;
				IPHONEOS_DEPLOYMENT_TARGET = 16.4;
				MTL_ENABLE_DEBUG_INFO = NO;
				MTL_FAST_MATH = YES;
				SDKROOT = iphoneos;
				SWIFT_COMPILATION_MODE = wholemodule;
				SWIFT_OPTIMIZATION_LEVEL = "-O";
				VALIDATE_PRODUCT = YES;
			};
			name = Release;
		};
		3B4B52522AC40D5A003388AD /* Debug */ = {
			isa = XCBuildConfiguration;
			buildSettings = {
				ALWAYS_EMBED_SWIFT_STANDARD_LIBRARIES = YES;
				ASSETCATALOG_COMPILER_APPICON_NAME = AppIcon;
				ASSETCATALOG_COMPILER_GLOBAL_ACCENT_COLOR_NAME = AccentColor;
				CODE_SIGN_ENTITLEMENTS = MasteringWidgetKit/MasteringWidgetKit.entitlements;
				CODE_SIGN_STYLE = Automatic;
				CURRENT_PROJECT_VERSION = 1;
				DEVELOPMENT_ASSET_PATHS = "\"MasteringWidgetKit/Preview Content\"";
				DEVELOPMENT_TEAM = 6CBTWMSXBM;
				ENABLE_PREVIEWS = YES;
				GENERATE_INFOPLIST_FILE = YES;
				INFOPLIST_FILE = MasteringWidgetKit/Info.plist;
				INFOPLIST_KEY_NSMotionUsageDescription = "Using motion to count steps";
				INFOPLIST_KEY_NSSupportsLiveActivities = YES;
				INFOPLIST_KEY_UIApplicationSceneManifest_Generation = YES;
				INFOPLIST_KEY_UIApplicationSupportsIndirectInputEvents = YES;
				INFOPLIST_KEY_UILaunchScreen_Generation = YES;
				INFOPLIST_KEY_UISupportedInterfaceOrientations_iPad = "UIInterfaceOrientationPortrait UIInterfaceOrientationPortraitUpsideDown UIInterfaceOrientationLandscapeLeft UIInterfaceOrientationLandscapeRight";
				INFOPLIST_KEY_UISupportedInterfaceOrientations_iPhone = "UIInterfaceOrientationPortrait UIInterfaceOrientationLandscapeLeft UIInterfaceOrientationLandscapeRight";
				LD_RUNPATH_SEARCH_PATHS = (
					"$(inherited)",
					"@executable_path/Frameworks",
				);
				MARKETING_VERSION = 1.0;
				PRODUCT_BUNDLE_IDENTIFIER = amatnug.amatnug.MasteringWidgetKit;
				PRODUCT_NAME = "$(TARGET_NAME)";
				SWIFT_EMIT_LOC_STRINGS = YES;
				SWIFT_VERSION = 5.0;
				TARGETED_DEVICE_FAMILY = "1,2";
			};
			name = Debug;
		};
		3B4B52532AC40D5A003388AD /* Release */ = {
			isa = XCBuildConfiguration;
			buildSettings = {
				ALWAYS_EMBED_SWIFT_STANDARD_LIBRARIES = YES;
				ASSETCATALOG_COMPILER_APPICON_NAME = AppIcon;
				ASSETCATALOG_COMPILER_GLOBAL_ACCENT_COLOR_NAME = AccentColor;
				CODE_SIGN_ENTITLEMENTS = MasteringWidgetKit/MasteringWidgetKit.entitlements;
				CODE_SIGN_STYLE = Automatic;
				CURRENT_PROJECT_VERSION = 1;
				DEVELOPMENT_ASSET_PATHS = "\"MasteringWidgetKit/Preview Content\"";
				DEVELOPMENT_TEAM = 6CBTWMSXBM;
				ENABLE_PREVIEWS = YES;
				GENERATE_INFOPLIST_FILE = YES;
				INFOPLIST_FILE = MasteringWidgetKit/Info.plist;
				INFOPLIST_KEY_NSMotionUsageDescription = "Using motion to count steps";
				INFOPLIST_KEY_NSSupportsLiveActivities = YES;
				INFOPLIST_KEY_UIApplicationSceneManifest_Generation = YES;
				INFOPLIST_KEY_UIApplicationSupportsIndirectInputEvents = YES;
				INFOPLIST_KEY_UILaunchScreen_Generation = YES;
				INFOPLIST_KEY_UISupportedInterfaceOrientations_iPad = "UIInterfaceOrientationPortrait UIInterfaceOrientationPortraitUpsideDown UIInterfaceOrientationLandscapeLeft UIInterfaceOrientationLandscapeRight";
				INFOPLIST_KEY_UISupportedInterfaceOrientations_iPhone = "UIInterfaceOrientationPortrait UIInterfaceOrientationLandscapeLeft UIInterfaceOrientationLandscapeRight";
				LD_RUNPATH_SEARCH_PATHS = (
					"$(inherited)",
					"@executable_path/Frameworks",
				);
				MARKETING_VERSION = 1.0;
				PRODUCT_BUNDLE_IDENTIFIER = amatnug.amatnug.MasteringWidgetKit;
				PRODUCT_NAME = "$(TARGET_NAME)";
				SWIFT_EMIT_LOC_STRINGS = YES;
				SWIFT_VERSION = 5.0;
				TARGETED_DEVICE_FAMILY = "1,2";
			};
			name = Release;
		};
		3B4B526A2AC40DC8003388AD /* Debug */ = {
			isa = XCBuildConfiguration;
			buildSettings = {
				ASSETCATALOG_COMPILER_GLOBAL_ACCENT_COLOR_NAME = AccentColor;
				ASSETCATALOG_COMPILER_WIDGET_BACKGROUND_COLOR_NAME = WidgetBackground;
				CODE_SIGN_ENTITLEMENTS = WidgetKitExtensionExtension.entitlements;
				CODE_SIGN_STYLE = Automatic;
				CURRENT_PROJECT_VERSION = 1;
				DEVELOPMENT_TEAM = 6CBTWMSXBM;
				GENERATE_INFOPLIST_FILE = YES;
				INFOPLIST_FILE = WidgetKitExtension/Info.plist;
				INFOPLIST_KEY_CFBundleDisplayName = WidgetKitExtension;
				INFOPLIST_KEY_NSHumanReadableCopyright = "";
				LD_RUNPATH_SEARCH_PATHS = (
					"$(inherited)",
					"@executable_path/Frameworks",
					"@executable_path/../../Frameworks",
				);
				MARKETING_VERSION = 1.0;
				PRODUCT_BUNDLE_IDENTIFIER = amatnug.amatnug.MasteringWidgetKit.WidgetKitExtension;
				PRODUCT_NAME = "$(TARGET_NAME)";
				SKIP_INSTALL = YES;
				SWIFT_EMIT_LOC_STRINGS = YES;
				SWIFT_VERSION = 5.0;
				TARGETED_DEVICE_FAMILY = "1,2";
			};
			name = Debug;
		};
		3B4B526B2AC40DC8003388AD /* Release */ = {
			isa = XCBuildConfiguration;
			buildSettings = {
				ASSETCATALOG_COMPILER_GLOBAL_ACCENT_COLOR_NAME = AccentColor;
				ASSETCATALOG_COMPILER_WIDGET_BACKGROUND_COLOR_NAME = WidgetBackground;
				CODE_SIGN_ENTITLEMENTS = WidgetKitExtensionExtension.entitlements;
				CODE_SIGN_STYLE = Automatic;
				CURRENT_PROJECT_VERSION = 1;
				DEVELOPMENT_TEAM = 6CBTWMSXBM;
				GENERATE_INFOPLIST_FILE = YES;
				INFOPLIST_FILE = WidgetKitExtension/Info.plist;
				INFOPLIST_KEY_CFBundleDisplayName = WidgetKitExtension;
				INFOPLIST_KEY_NSHumanReadableCopyright = "";
				LD_RUNPATH_SEARCH_PATHS = (
					"$(inherited)",
					"@executable_path/Frameworks",
					"@executable_path/../../Frameworks",
				);
				MARKETING_VERSION = 1.0;
				PRODUCT_BUNDLE_IDENTIFIER = amatnug.amatnug.MasteringWidgetKit.WidgetKitExtension;
				PRODUCT_NAME = "$(TARGET_NAME)";
				SKIP_INSTALL = YES;
				SWIFT_EMIT_LOC_STRINGS = YES;
				SWIFT_VERSION = 5.0;
				TARGETED_DEVICE_FAMILY = "1,2";
			};
			name = Release;
		};
/* End XCBuildConfiguration section */

/* Begin XCConfigurationList section */
		3B4B523E2AC40D59003388AD /* Build configuration list for PBXProject "MasteringWidgetKit" */ = {
			isa = XCConfigurationList;
			buildConfigurations = (
				3B4B524F2AC40D5A003388AD /* Debug */,
				3B4B52502AC40D5A003388AD /* Release */,
			);
			defaultConfigurationIsVisible = 0;
			defaultConfigurationName = Release;
		};
		3B4B52512AC40D5A003388AD /* Build configuration list for PBXNativeTarget "MasteringWidgetKit" */ = {
			isa = XCConfigurationList;
			buildConfigurations = (
				3B4B52522AC40D5A003388AD /* Debug */,
				3B4B52532AC40D5A003388AD /* Release */,
			);
			defaultConfigurationIsVisible = 0;
			defaultConfigurationName = Release;
		};
		3B4B52692AC40DC8003388AD /* Build configuration list for PBXNativeTarget "WidgetKitExtensionExtension" */ = {
			isa = XCConfigurationList;
			buildConfigurations = (
				3B4B526A2AC40DC8003388AD /* Debug */,
				3B4B526B2AC40DC8003388AD /* Release */,
			);
			defaultConfigurationIsVisible = 0;
			defaultConfigurationName = Release;
		};
/* End XCConfigurationList section */
	};
	rootObject = 3B4B523B2AC40D59003388AD /* Project object */;
}
